
Microsoft Visual Studio Solution File, Format Version 12.00
# Visual Studio Version 17
VisualStudioVersion = 17.11.35327.3
MinimumVisualStudioVersion = 10.0.40219.1
Project("{FAE04EC0-301F-11D3-BF4B-00C04F79EFBC}") = "K22CNT4_HVK_TTCD1", "K22CNT4_HVK_TTCD1.csproj", "{03A7260A-6B9B-4D34-B166-DC90C0F3ADB3}"
EndProject
Global
	GlobalSection(SolutionConfigurationPlatforms) = preSolution
		Debug|Any CPU = Debug|Any CPU
		Release|Any CPU = Release|Any CPU
	EndGlobalSection
	GlobalSection(ProjectConfigurationPlatforms) = postSolution
		{03A7260A-6B9B-4D34-B166-DC90C0F3ADB3}.Debug|Any CPU.ActiveCfg = Debug|Any CPU
		{03A7260A-6B9B-4D34-B166-DC90C0F3ADB3}.Debug|Any CPU.Build.0 = Debug|Any CPU
		{03A7260A-6B9B-4D34-B166-DC90C0F3ADB3}.Release|Any CPU.ActiveCfg = Release|Any CPU
		{03A7260A-6B9B-4D34-B166-DC90C0F3ADB3}.Release|Any CPU.Build.0 = Release|Any CPU
	EndGlobalSection
	GlobalSection(SolutionProperties) = preSolution
		HideSolutionNode = FALSE
	EndGlobalSection
	GlobalSection(ExtensibilityGlobals) = postSolution
		SolutionGuid = {4447A28F-4A45-4BAD-AB4C-ED21517B1FF3}
	EndGlobalSection
EndGlobal
